
Microsoft Visual Studio Solution File, Format Version 12.00
# Visual Studio Version 16
VisualStudioVersion = 16.0.32126.315
MinimumVisualStudioVersion = 10.0.40219.1
Project("{FAE04EC0-301F-11D3-BF4B-00C04F79EFBC}") = "Wschodnioslowianskie_nazwy", "Wschodnioslowianskie_nazwy\Wschodnioslowianskie_nazwy.csproj", "{D3B202A4-9976-491C-9C87-4D3D966ED9DA}"
EndProject
Global
	GlobalSection(SolutionConfigurationPlatforms) = preSolution
		Debug|Any CPU = Debug|Any CPU
		Release|Any CPU = Release|Any CPU
	EndGlobalSection
	GlobalSection(ProjectConfigurationPlatforms) = postSolution
		{D3B202A4-9976-491C-9C87-4D3D966ED9DA}.Debug|Any CPU.ActiveCfg = Debug|Any CPU
		{D3B202A4-9976-491C-9C87-4D3D966ED9DA}.Debug|Any CPU.Build.0 = Debug|Any CPU
		{D3B202A4-9976-491C-9C87-4D3D966ED9DA}.Release|Any CPU.ActiveCfg = Release|Any CPU
		{D3B202A4-9976-491C-9C87-4D3D966ED9DA}.Release|Any CPU.Build.0 = Release|Any CPU
	EndGlobalSection
	GlobalSection(SolutionProperties) = preSolution
		HideSolutionNode = FALSE
	EndGlobalSection
	GlobalSection(ExtensibilityGlobals) = postSolution
		SolutionGuid = {A1E140FA-FCD4-448B-8F35-0BAAB13DD0FF}
	EndGlobalSection
EndGlobal
